
Microsoft Visual Studio Solution File, Format Version 12.00
# Visual Studio Version 16
VisualStudioVersion = 16.0.29326.143
MinimumVisualStudioVersion = 10.0.40219.1
Project("{FAE04EC0-301F-11D3-BF4B-00C04F79EFBC}") = "Module2_1", "Module2_1\Module2_1.csproj", "{9F55C688-5F2C-434A-A444-F2FE0CD8D101}"
EndProject
Global
	GlobalSection(SolutionConfigurationPlatforms) = preSolution
		Debug|Any CPU = Debug|Any CPU
		Release|Any CPU = Release|Any CPU
	EndGlobalSection
	GlobalSection(ProjectConfigurationPlatforms) = postSolution
		{9F55C688-5F2C-434A-A444-F2FE0CD8D101}.Debug|Any CPU.ActiveCfg = Debug|Any CPU
		{9F55C688-5F2C-434A-A444-F2FE0CD8D101}.Debug|Any CPU.Build.0 = Debug|Any CPU
		{9F55C688-5F2C-434A-A444-F2FE0CD8D101}.Release|Any CPU.ActiveCfg = Release|Any CPU
		{9F55C688-5F2C-434A-A444-F2FE0CD8D101}.Release|Any CPU.Build.0 = Release|Any CPU
	EndGlobalSection
	GlobalSection(SolutionProperties) = preSolution
		HideSolutionNode = FALSE
	EndGlobalSection
	GlobalSection(ExtensibilityGlobals) = postSolution
		SolutionGuid = {644FD391-FCAE-447A-A84C-CD6BF0A4BDE0}
	EndGlobalSection
EndGlobal
